
Microsoft Visual Studio Solution File, Format Version 12.00
# Visual Studio Version 16
VisualStudioVersion = 16.0.30517.126
MinimumVisualStudioVersion = 10.0.40219.1
Project("{FAE04EC0-301F-11D3-BF4B-00C04F79EFBC}") = "AutoPlayLecture", "AutoPlayLecture\AutoPlayLecture.csproj", "{BEEFB9E7-DD18-407A-853E-55CE6C4E86E8}"
EndProject
Global
	GlobalSection(SolutionConfigurationPlatforms) = preSolution
		Debug|Any CPU = Debug|Any CPU
		Release|Any CPU = Release|Any CPU
	EndGlobalSection
	GlobalSection(ProjectConfigurationPlatforms) = postSolution
		{BEEFB9E7-DD18-407A-853E-55CE6C4E86E8}.Debug|Any CPU.ActiveCfg = Debug|Any CPU
		{BEEFB9E7-DD18-407A-853E-55CE6C4E86E8}.Debug|Any CPU.Build.0 = Debug|Any CPU
		{BEEFB9E7-DD18-407A-853E-55CE6C4E86E8}.Release|Any CPU.ActiveCfg = Release|Any CPU
		{BEEFB9E7-DD18-407A-853E-55CE6C4E86E8}.Release|Any CPU.Build.0 = Release|Any CPU
	EndGlobalSection
	GlobalSection(SolutionProperties) = preSolution
		HideSolutionNode = FALSE
	EndGlobalSection
	GlobalSection(ExtensibilityGlobals) = postSolution
		SolutionGuid = {D068CD71-DA94-414B-A856-D77E50908D39}
	EndGlobalSection
EndGlobal
